
Microsoft Visual Studio Solution File, Format Version 12.00
# Visual Studio Version 17
VisualStudioVersion = 17.6.33723.286
MinimumVisualStudioVersion = 10.0.40219.1
Project("{9A19103F-16F7-4668-BE54-9A1E7A4F7556}") = "Telegramm_task.Runner", "Telegramm_task.Runner\Telegramm_task.Runner.csproj", "{DB266AE2-C0DC-4F95-A84C-00DC63C3A2D2}"
EndProject
Project("{9A19103F-16F7-4668-BE54-9A1E7A4F7556}") = "Telegramm_task.Core", "Telegramm_task.Core\Telegramm_task.Core.csproj", "{697B5F67-F547-4C0F-842A-C9D1FCD3D4E7}"
EndProject
Project("{2150E333-8FDC-42A3-9474-1A3956D46DE8}") = "Module", "Module", "{5AFD3876-EDBD-4329-9C06-A5CF830F0D48}"
EndProject
Global
	GlobalSection(SolutionConfigurationPlatforms) = preSolution
		Debug|Any CPU = Debug|Any CPU
		Release|Any CPU = Release|Any CPU
	EndGlobalSection
	GlobalSection(ProjectConfigurationPlatforms) = postSolution
		{DB266AE2-C0DC-4F95-A84C-00DC63C3A2D2}.Debug|Any CPU.ActiveCfg = Debug|Any CPU
		{DB266AE2-C0DC-4F95-A84C-00DC63C3A2D2}.Debug|Any CPU.Build.0 = Debug|Any CPU
		{DB266AE2-C0DC-4F95-A84C-00DC63C3A2D2}.Release|Any CPU.ActiveCfg = Release|Any CPU
		{DB266AE2-C0DC-4F95-A84C-00DC63C3A2D2}.Release|Any CPU.Build.0 = Release|Any CPU
		{697B5F67-F547-4C0F-842A-C9D1FCD3D4E7}.Debug|Any CPU.ActiveCfg = Debug|Any CPU
		{697B5F67-F547-4C0F-842A-C9D1FCD3D4E7}.Debug|Any CPU.Build.0 = Debug|Any CPU
		{697B5F67-F547-4C0F-842A-C9D1FCD3D4E7}.Release|Any CPU.ActiveCfg = Release|Any CPU
		{697B5F67-F547-4C0F-842A-C9D1FCD3D4E7}.Release|Any CPU.Build.0 = Release|Any CPU
	EndGlobalSection
	GlobalSection(SolutionProperties) = preSolution
		HideSolutionNode = FALSE
	EndGlobalSection
	GlobalSection(ExtensibilityGlobals) = postSolution
		SolutionGuid = {00DEAE4B-2C7F-470C-967C-7D1D6806FE42}
	EndGlobalSection
EndGlobal
